
Microsoft Visual Studio Solution File, Format Version 12.00
# Visual Studio Version 16
VisualStudioVersion = 16.0.30621.155
MinimumVisualStudioVersion = 10.0.40219.1
Project("{9A19103F-16F7-4668-BE54-9A1E7A4F7556}") = "SqlTransactionalOutbox.SampleApp.AzureFunctions", "SqlTransactionalOutbox.SampleApp.AzureFunctions\SqlTransactionalOutbox.SampleApp.AzureFunctions.csproj", "{A0C001F9-7A6A-46B1-A14E-377C87D78E08}"
EndProject
Project("{9A19103F-16F7-4668-BE54-9A1E7A4F7556}") = "SqlTransactionalOutbox.Common", "SqlTransactionalOutbox.Common\SqlTransactionalOutbox.Common.csproj", "{2A13CF08-0572-4032-BA56-9361C1CCB257}"
EndProject
Project("{9A19103F-16F7-4668-BE54-9A1E7A4F7556}") = "SqlTransactionalOutbox.AzureServiceBus", "SqlTransactionalOutbox.AzureServiceBus\SqlTransactionalOutbox.AzureServiceBus.csproj", "{0CA4837D-FE64-48F4-BCC7-B71CB3171004}"
EndProject
Project("{9A19103F-16F7-4668-BE54-9A1E7A4F7556}") = "SqlTransactionalOutbox.SqlServer.SystemDataNS", "SqlTransactionalOutbox.SqlServer.SystemDataNS\SqlTransactionalOutbox.SqlServer.SystemDataNS.csproj", "{64DAEA6E-E6F9-46F6-85CE-310D399DE0DE}"
EndProject
Project("{2150E333-8FDC-42A3-9474-1A3956D46DE8}") = "Tests", "Tests", "{D849B37A-EB7F-4202-8D02-A6A113DA21D5}"
EndProject
Project("{2150E333-8FDC-42A3-9474-1A3956D46DE8}") = "Common", "Common", "{AD13C055-B61F-45B1-95CB-F672F1EBAC00}"
EndProject
Project("{2150E333-8FDC-42A3-9474-1A3956D46DE8}") = "Publishing", "Publishing", "{1E89533A-10A9-4B7C-9416-2B84C3522FAC}"
EndProject
Project("{2150E333-8FDC-42A3-9474-1A3956D46DE8}") = "Outbox", "Outbox", "{D75A40EA-4ECE-46FF-93E7-64193AD078F7}"
EndProject
Project("{9A19103F-16F7-4668-BE54-9A1E7A4F7556}") = "SqlTransactionalOutbox.SqlServer.Common", "SqlTransactionalOutbox.SqlServer.Common\SqlTransactionalOutbox.SqlServer.Common.csproj", "{B5B5CAC9-25AF-4415-AD61-621D0C043640}"
EndProject
Project("{9A19103F-16F7-4668-BE54-9A1E7A4F7556}") = "SqlTransactionalOutbox.IntegrationTests", "SqlTransactionalOutbox.IntegrationTests\SqlTransactionalOutbox.IntegrationTests.csproj", "{C427EC86-37B5-4176-8B72-7FC18D1EDB8C}"
EndProject
Project("{9A19103F-16F7-4668-BE54-9A1E7A4F7556}") = "SqlTransactionalOutbox.Benchmarks", "SqlTransactionalOutbox.Benchmarks\SqlTransactionalOutbox.Benchmarks.csproj", "{70872DD3-86A6-4F34-885F-5F4768210D8B}"
EndProject
Project("{9A19103F-16F7-4668-BE54-9A1E7A4F7556}") = "SqlTransactionalOutbox.SqlServer.MicrosoftDataNS", "SqlTransactionalOutbox.SqlServer.MicrosoftDataNS\SqlTransactionalOutbox.SqlServer.MicrosoftDataNS.csproj", "{57711747-7947-456D-8083-BF965B8DE734}"
EndProject
Project("{2150E333-8FDC-42A3-9474-1A3956D46DE8}") = "SampleApp.AzureFunctions", "SampleApp.AzureFunctions", "{8FD83C51-BF4E-4F88-9A49-058716C03891}"
EndProject
Global
	GlobalSection(SolutionConfigurationPlatforms) = preSolution
		Debug|Any CPU = Debug|Any CPU
		Release|Any CPU = Release|Any CPU
	EndGlobalSection
	GlobalSection(ProjectConfigurationPlatforms) = postSolution
		{A0C001F9-7A6A-46B1-A14E-377C87D78E08}.Debug|Any CPU.ActiveCfg = Debug|Any CPU
		{A0C001F9-7A6A-46B1-A14E-377C87D78E08}.Debug|Any CPU.Build.0 = Debug|Any CPU
		{A0C001F9-7A6A-46B1-A14E-377C87D78E08}.Release|Any CPU.ActiveCfg = Release|Any CPU
		{A0C001F9-7A6A-46B1-A14E-377C87D78E08}.Release|Any CPU.Build.0 = Release|Any CPU
		{2A13CF08-0572-4032-BA56-9361C1CCB257}.Debug|Any CPU.ActiveCfg = Debug|Any CPU
		{2A13CF08-0572-4032-BA56-9361C1CCB257}.Debug|Any CPU.Build.0 = Debug|Any CPU
		{2A13CF08-0572-4032-BA56-9361C1CCB257}.Release|Any CPU.ActiveCfg = Release|Any CPU
		{2A13CF08-0572-4032-BA56-9361C1CCB257}.Release|Any CPU.Build.0 = Release|Any CPU
		{0CA4837D-FE64-48F4-BCC7-B71CB3171004}.Debug|Any CPU.ActiveCfg = Debug|Any CPU
		{0CA4837D-FE64-48F4-BCC7-B71CB3171004}.Debug|Any CPU.Build.0 = Debug|Any CPU
		{0CA4837D-FE64-48F4-BCC7-B71CB3171004}.Release|Any CPU.ActiveCfg = Release|Any CPU
		{0CA4837D-FE64-48F4-BCC7-B71CB3171004}.Release|Any CPU.Build.0 = Release|Any CPU
		{64DAEA6E-E6F9-46F6-85CE-310D399DE0DE}.Debug|Any CPU.ActiveCfg = Debug|Any CPU
		{64DAEA6E-E6F9-46F6-85CE-310D399DE0DE}.Debug|Any CPU.Build.0 = Debug|Any CPU
		{64DAEA6E-E6F9-46F6-85CE-310D399DE0DE}.Release|Any CPU.ActiveCfg = Release|Any CPU
		{64DAEA6E-E6F9-46F6-85CE-310D399DE0DE}.Release|Any CPU.Build.0 = Release|Any CPU
		{B5B5CAC9-25AF-4415-AD61-621D0C043640}.Debug|Any CPU.ActiveCfg = Debug|Any CPU
		{B5B5CAC9-25AF-4415-AD61-621D0C043640}.Debug|Any CPU.Build.0 = Debug|Any CPU
		{B5B5CAC9-25AF-4415-AD61-621D0C043640}.Release|Any CPU.ActiveCfg = Release|Any CPU
		{B5B5CAC9-25AF-4415-AD61-621D0C043640}.Release|Any CPU.Build.0 = Release|Any CPU
		{C427EC86-37B5-4176-8B72-7FC18D1EDB8C}.Debug|Any CPU.ActiveCfg = Debug|Any CPU
		{C427EC86-37B5-4176-8B72-7FC18D1EDB8C}.Debug|Any CPU.Build.0 = Debug|Any CPU
		{C427EC86-37B5-4176-8B72-7FC18D1EDB8C}.Release|Any CPU.ActiveCfg = Release|Any CPU
		{C427EC86-37B5-4176-8B72-7FC18D1EDB8C}.Release|Any CPU.Build.0 = Release|Any CPU
		{70872DD3-86A6-4F34-885F-5F4768210D8B}.Debug|Any CPU.ActiveCfg = Debug|Any CPU
		{70872DD3-86A6-4F34-885F-5F4768210D8B}.Debug|Any CPU.Build.0 = Debug|Any CPU
		{70872DD3-86A6-4F34-885F-5F4768210D8B}.Release|Any CPU.ActiveCfg = Release|Any CPU
		{70872DD3-86A6-4F34-885F-5F4768210D8B}.Release|Any CPU.Build.0 = Release|Any CPU
		{57711747-7947-456D-8083-BF965B8DE734}.Debug|Any CPU.ActiveCfg = Debug|Any CPU
		{57711747-7947-456D-8083-BF965B8DE734}.Debug|Any CPU.Build.0 = Debug|Any CPU
		{57711747-7947-456D-8083-BF965B8DE734}.Release|Any CPU.ActiveCfg = Release|Any CPU
		{57711747-7947-456D-8083-BF965B8DE734}.Release|Any CPU.Build.0 = Release|Any CPU
	EndGlobalSection
	GlobalSection(SolutionProperties) = preSolution
		HideSolutionNode = FALSE
	EndGlobalSection
	GlobalSection(NestedProjects) = preSolution
		{A0C001F9-7A6A-46B1-A14E-377C87D78E08} = {8FD83C51-BF4E-4F88-9A49-058716C03891}
		{2A13CF08-0572-4032-BA56-9361C1CCB257} = {AD13C055-B61F-45B1-95CB-F672F1EBAC00}
		{0CA4837D-FE64-48F4-BCC7-B71CB3171004} = {1E89533A-10A9-4B7C-9416-2B84C3522FAC}
		{64DAEA6E-E6F9-46F6-85CE-310D399DE0DE} = {D75A40EA-4ECE-46FF-93E7-64193AD078F7}
		{B5B5CAC9-25AF-4415-AD61-621D0C043640} = {D75A40EA-4ECE-46FF-93E7-64193AD078F7}
		{C427EC86-37B5-4176-8B72-7FC18D1EDB8C} = {D849B37A-EB7F-4202-8D02-A6A113DA21D5}
		{70872DD3-86A6-4F34-885F-5F4768210D8B} = {D849B37A-EB7F-4202-8D02-A6A113DA21D5}
		{57711747-7947-456D-8083-BF965B8DE734} = {D75A40EA-4ECE-46FF-93E7-64193AD078F7}
	EndGlobalSection
	GlobalSection(ExtensibilityGlobals) = postSolution
		SolutionGuid = {E8B58B0F-A54F-46A4-9DA0-ABEA3B106C76}
	EndGlobalSection
EndGlobal
